
Microsoft Visual Studio Solution File, Format Version 12.00
# Visual Studio Version 17
VisualStudioVersion = 17.11.35327.3
MinimumVisualStudioVersion = 10.0.40219.1
Project("{FAE04EC0-301F-11D3-BF4B-00C04F79EFBC}") = "VillaApplication", "VillaApplication\VillaApplication.csproj", "{54066D41-10A4-46AE-A867-EE47E160B3FD}"
EndProject
Global
	GlobalSection(SolutionConfigurationPlatforms) = preSolution
		Debug|Any CPU = Debug|Any CPU
		Release|Any CPU = Release|Any CPU
	EndGlobalSection
	GlobalSection(ProjectConfigurationPlatforms) = postSolution
		{54066D41-10A4-46AE-A867-EE47E160B3FD}.Debug|Any CPU.ActiveCfg = Debug|Any CPU
		{54066D41-10A4-46AE-A867-EE47E160B3FD}.Debug|Any CPU.Build.0 = Debug|Any CPU
		{54066D41-10A4-46AE-A867-EE47E160B3FD}.Release|Any CPU.ActiveCfg = Release|Any CPU
		{54066D41-10A4-46AE-A867-EE47E160B3FD}.Release|Any CPU.Build.0 = Release|Any CPU
	EndGlobalSection
	GlobalSection(SolutionProperties) = preSolution
		HideSolutionNode = FALSE
	EndGlobalSection
	GlobalSection(ExtensibilityGlobals) = postSolution
		SolutionGuid = {046B5A57-0325-4207-BE19-33CEEF8822A5}
	EndGlobalSection
EndGlobal
